
Microsoft Visual Studio Solution File, Format Version 11.00
# Visual Studio 2010
Project("{FAE04EC0-301F-11D3-BF4B-00C04F79EFBC}") = "HEDeletePortfolioData", "HEDeletePortfolioData\HEDeletePortfolioData.csproj", "{73E4222E-F7EA-4ABC-A18C-BFB8400AD04C}"
EndProject
Global
	GlobalSection(TeamFoundationVersionControl) = preSolution
		SccNumberOfProjects = 2
		SccEnterpriseProvider = {4CA58AB2-18FA-4F8D-95D4-32DDF27D184C}
		SccTeamFoundationServer = http://10.1.0.11:8080/tfs/defaultcollection
		SccLocalPath0 = .
		SccProjectUniqueName1 = HEDeletePortfolioData\\HEDeletePortfolioData.csproj
		SccProjectName1 = HEDeletePortfolioData
		SccLocalPath1 = HEDeletePortfolioData
	EndGlobalSection
	GlobalSection(SolutionConfigurationPlatforms) = preSolution
		Debug|Any CPU = Debug|Any CPU
		Release|Any CPU = Release|Any CPU
	EndGlobalSection
	GlobalSection(ProjectConfigurationPlatforms) = postSolution
		{73E4222E-F7EA-4ABC-A18C-BFB8400AD04C}.Debug|Any CPU.ActiveCfg = Debug|Any CPU
		{73E4222E-F7EA-4ABC-A18C-BFB8400AD04C}.Debug|Any CPU.Build.0 = Debug|Any CPU
		{73E4222E-F7EA-4ABC-A18C-BFB8400AD04C}.Release|Any CPU.ActiveCfg = Release|Any CPU
		{73E4222E-F7EA-4ABC-A18C-BFB8400AD04C}.Release|Any CPU.Build.0 = Release|Any CPU
	EndGlobalSection
	GlobalSection(SolutionProperties) = preSolution
		HideSolutionNode = FALSE
	EndGlobalSection
EndGlobal
